
Microsoft Visual Studio Solution File, Format Version 12.00
# Visual Studio Version 16
VisualStudioVersion = 16.0.30517.126
MinimumVisualStudioVersion = 10.0.40219.1
Project("{FAE04EC0-301F-11D3-BF4B-00C04F79EFBC}") = "Project_Step3_BradleyHughes", "Project_Step3_BradleyHughes.csproj", "{445B71FB-14E9-43CA-8707-457F9DF7E026}"
EndProject
Global
	GlobalSection(SolutionConfigurationPlatforms) = preSolution
		Debug|Any CPU = Debug|Any CPU
		Release|Any CPU = Release|Any CPU
	EndGlobalSection
	GlobalSection(ProjectConfigurationPlatforms) = postSolution
		{445B71FB-14E9-43CA-8707-457F9DF7E026}.Debug|Any CPU.ActiveCfg = Debug|Any CPU
		{445B71FB-14E9-43CA-8707-457F9DF7E026}.Debug|Any CPU.Build.0 = Debug|Any CPU
		{445B71FB-14E9-43CA-8707-457F9DF7E026}.Release|Any CPU.ActiveCfg = Release|Any CPU
		{445B71FB-14E9-43CA-8707-457F9DF7E026}.Release|Any CPU.Build.0 = Release|Any CPU
	EndGlobalSection
	GlobalSection(SolutionProperties) = preSolution
		HideSolutionNode = FALSE
	EndGlobalSection
	GlobalSection(ExtensibilityGlobals) = postSolution
		SolutionGuid = {25DC4259-6198-443F-9DAA-7EDA6C05114F}
	EndGlobalSection
EndGlobal
